
Microsoft Visual Studio Solution File, Format Version 12.00
# Visual Studio Version 17
VisualStudioVersion = 17.4.33403.182
MinimumVisualStudioVersion = 10.0.40219.1
Project("{FAE04EC0-301F-11D3-BF4B-00C04F79EFBC}") = "AppProductBooking", "AppProductBooking\AppProductBooking.csproj", "{8F3BE461-3054-4147-AD7C-8D5065C2A88A}"
EndProject
Global
	GlobalSection(SolutionConfigurationPlatforms) = preSolution
		Debug|Any CPU = Debug|Any CPU
		Release|Any CPU = Release|Any CPU
	EndGlobalSection
	GlobalSection(ProjectConfigurationPlatforms) = postSolution
		{8F3BE461-3054-4147-AD7C-8D5065C2A88A}.Debug|Any CPU.ActiveCfg = Debug|Any CPU
		{8F3BE461-3054-4147-AD7C-8D5065C2A88A}.Debug|Any CPU.Build.0 = Debug|Any CPU
		{8F3BE461-3054-4147-AD7C-8D5065C2A88A}.Release|Any CPU.ActiveCfg = Release|Any CPU
		{8F3BE461-3054-4147-AD7C-8D5065C2A88A}.Release|Any CPU.Build.0 = Release|Any CPU
	EndGlobalSection
	GlobalSection(SolutionProperties) = preSolution
		HideSolutionNode = FALSE
	EndGlobalSection
	GlobalSection(ExtensibilityGlobals) = postSolution
		SolutionGuid = {86B969A7-F16B-4F90-AD41-EF450D88020E}
	EndGlobalSection
EndGlobal
